{
    "_readme": [
        "This file locks the dependencies of your project to a known state",
        "Read more about it at https://getcomposer.org/doc/01-basic-usage.md#composer-lock-the-lock-file",
        "This file is @generated automatically"
    ],
    "hash": "233c76b14f267adedc29878a1346f466",
    "content-hash": "709d593d37c3f16c5efbfe61c3fd1351",
    "packages": [
        {
            "name": "tiben/crontab-manager",
            "version": "v1.2.1",
            "source": {
                "type": "git",
                "url": "https://github.com/TiBeN/CrontabManager.git",
                "reference": "89827262faac9d6c836de2bc7e4c7ba7750544ee"
            },
            "dist": {
                "type": "zip",
                "url": "https://api.github.com/repos/TiBeN/CrontabManager/zipball/89827262faac9d6c836de2bc7e4c7ba7750544ee",
                "reference": "89827262faac9d6c836de2bc7e4c7ba7750544ee",
                "shasum": ""
            },
            "require": {
                "php": ">= 5.3"
            },
            "type": "library",
            "autoload": {
                "psr-4": {
                    "TiBeN\\": "src/"
                }
            },
            "notification-url": "https://packagist.org/downloads/",
            "license": [
                "Apache-2.0"
            ],
            "authors": [
                {
                    "name": "Benjamin Legendre",
                    "email": "legendre.benjamin@gmail.com"
                }
            ],
            "description": "A library for managing linux cron jobs.",
            "keywords": [
                "crontab",
                "scheduling"
            ],
            "time": "2016-08-27 09:42:19"
        }
    ],
    "packages-dev": [],
    "aliases": [],
    "minimum-stability": "stable",
    "stability-flags": [],
    "prefer-stable": false,
    "prefer-lowest": false,
    "platform": [],
    "platform-dev": []
}
